
Microsoft Visual Studio Solution File, Format Version 12.00
# Visual Studio Version 16
VisualStudioVersion = 16.0.28803.156
MinimumVisualStudioVersion = 10.0.40219.1
Project("{9A19103F-16F7-4668-BE54-9A1E7A4F7556}") = "uuid", "uuid\uuid.csproj", "{D3980295-E994-445D-9434-FC08F6488EED}"
EndProject
Project("{9A19103F-16F7-4668-BE54-9A1E7A4F7556}") = "uniq", "uniq\uniq.csproj", "{8363D587-023D-492D-BCE6-8D1B5B018C54}"
EndProject
Project("{9A19103F-16F7-4668-BE54-9A1E7A4F7556}") = "yas", "yas\yas.csproj", "{8ACDEE48-B898-40FB-814C-9726C2174956}"
EndProject
Project("{2150E333-8FDC-42A3-9474-1A3956D46DE8}") = "gcal", "gcal", "{13429F8C-9A0C-487F-A0D1-0D8155FB62D9}"
EndProject
Project("{9A19103F-16F7-4668-BE54-9A1E7A4F7556}") = "gcal", "gcal\gcal\gcal.csproj", "{86FDB2FA-406D-41ED-9A45-61D03C072EAB}"
EndProject
Project("{9A19103F-16F7-4668-BE54-9A1E7A4F7556}") = "gcal.UnitTests", "gcal\gcal.UnitTests\gcal.UnitTests.csproj", "{04F2F171-2EEF-4A2F-B2B6-90A2FC38CF98}"
EndProject
Project("{9A19103F-16F7-4668-BE54-9A1E7A4F7556}") = "filecount", "filecount\filecount.csproj", "{A13CEAD3-7E2D-489B-AF84-E84A0F027419}"
EndProject
Project("{9A19103F-16F7-4668-BE54-9A1E7A4F7556}") = "diskusage", "diskusage\diskusage.csproj", "{9C02BF14-29DC-4391-A812-EC6F33BB06F9}"
EndProject
Project("{9A19103F-16F7-4668-BE54-9A1E7A4F7556}") = "datpass", "datpass\datpass.csproj", "{FCE9F61B-A1BA-4C68-9A97-C3C52B4CDF5F}"
EndProject
Project("{9A19103F-16F7-4668-BE54-9A1E7A4F7556}") = "urlenc", "urlenc\urlenc.csproj", "{8367A862-F674-4071-884F-9AACDEBD662F}"
EndProject
Project("{9A19103F-16F7-4668-BE54-9A1E7A4F7556}") = "urldec", "urldec\urldec.csproj", "{6F2D3830-11F1-4A70-B210-643D8C327014}"
EndProject
Project("{9A19103F-16F7-4668-BE54-9A1E7A4F7556}") = "b64enc", "b64enc\b64enc.csproj", "{D2A6B4FB-5014-4E0D-9D83-FC5DB89ED7C5}"
EndProject
Project("{9A19103F-16F7-4668-BE54-9A1E7A4F7556}") = "b64dec", "b64dec\b64dec.csproj", "{1C5B5F41-498A-4139-9446-FC0C6EB4FBFB}"
EndProject
Project("{9A19103F-16F7-4668-BE54-9A1E7A4F7556}") = "flatten", "flatten\flatten.csproj", "{6B55C27F-9740-4DEC-A075-7EB6EE4156E6}"
EndProject
Project("{9A19103F-16F7-4668-BE54-9A1E7A4F7556}") = "mv", "mv\mv.csproj", "{3676667B-3C74-46AB-9CBE-89269858C605}"
EndProject
Project("{FAE04EC0-301F-11D3-BF4B-00C04F79EFBC}") = "sleep", "sleep\sleep.csproj", "{0CA7F19B-3F3A-4A57-B8EC-84395C601E42}"
EndProject
Global
	GlobalSection(SolutionConfigurationPlatforms) = preSolution
		Debug|Any CPU = Debug|Any CPU
		Release|Any CPU = Release|Any CPU
	EndGlobalSection
	GlobalSection(ProjectConfigurationPlatforms) = postSolution
		{D3980295-E994-445D-9434-FC08F6488EED}.Debug|Any CPU.ActiveCfg = Debug|Any CPU
		{D3980295-E994-445D-9434-FC08F6488EED}.Debug|Any CPU.Build.0 = Debug|Any CPU
		{D3980295-E994-445D-9434-FC08F6488EED}.Release|Any CPU.ActiveCfg = Release|Any CPU
		{D3980295-E994-445D-9434-FC08F6488EED}.Release|Any CPU.Build.0 = Release|Any CPU
		{8363D587-023D-492D-BCE6-8D1B5B018C54}.Debug|Any CPU.ActiveCfg = Debug|Any CPU
		{8363D587-023D-492D-BCE6-8D1B5B018C54}.Debug|Any CPU.Build.0 = Debug|Any CPU
		{8363D587-023D-492D-BCE6-8D1B5B018C54}.Release|Any CPU.ActiveCfg = Release|Any CPU
		{8363D587-023D-492D-BCE6-8D1B5B018C54}.Release|Any CPU.Build.0 = Release|Any CPU
		{8ACDEE48-B898-40FB-814C-9726C2174956}.Debug|Any CPU.ActiveCfg = Debug|Any CPU
		{8ACDEE48-B898-40FB-814C-9726C2174956}.Debug|Any CPU.Build.0 = Debug|Any CPU
		{8ACDEE48-B898-40FB-814C-9726C2174956}.Release|Any CPU.ActiveCfg = Release|Any CPU
		{8ACDEE48-B898-40FB-814C-9726C2174956}.Release|Any CPU.Build.0 = Release|Any CPU
		{86FDB2FA-406D-41ED-9A45-61D03C072EAB}.Debug|Any CPU.ActiveCfg = Debug|Any CPU
		{86FDB2FA-406D-41ED-9A45-61D03C072EAB}.Debug|Any CPU.Build.0 = Debug|Any CPU
		{86FDB2FA-406D-41ED-9A45-61D03C072EAB}.Release|Any CPU.ActiveCfg = Release|Any CPU
		{86FDB2FA-406D-41ED-9A45-61D03C072EAB}.Release|Any CPU.Build.0 = Release|Any CPU
		{04F2F171-2EEF-4A2F-B2B6-90A2FC38CF98}.Debug|Any CPU.ActiveCfg = Debug|Any CPU
		{04F2F171-2EEF-4A2F-B2B6-90A2FC38CF98}.Debug|Any CPU.Build.0 = Debug|Any CPU
		{04F2F171-2EEF-4A2F-B2B6-90A2FC38CF98}.Release|Any CPU.ActiveCfg = Release|Any CPU
		{04F2F171-2EEF-4A2F-B2B6-90A2FC38CF98}.Release|Any CPU.Build.0 = Release|Any CPU
		{A13CEAD3-7E2D-489B-AF84-E84A0F027419}.Debug|Any CPU.ActiveCfg = Debug|Any CPU
		{A13CEAD3-7E2D-489B-AF84-E84A0F027419}.Debug|Any CPU.Build.0 = Debug|Any CPU
		{A13CEAD3-7E2D-489B-AF84-E84A0F027419}.Release|Any CPU.ActiveCfg = Release|Any CPU
		{A13CEAD3-7E2D-489B-AF84-E84A0F027419}.Release|Any CPU.Build.0 = Release|Any CPU
		{9C02BF14-29DC-4391-A812-EC6F33BB06F9}.Debug|Any CPU.ActiveCfg = Debug|Any CPU
		{9C02BF14-29DC-4391-A812-EC6F33BB06F9}.Debug|Any CPU.Build.0 = Debug|Any CPU
		{9C02BF14-29DC-4391-A812-EC6F33BB06F9}.Release|Any CPU.ActiveCfg = Release|Any CPU
		{9C02BF14-29DC-4391-A812-EC6F33BB06F9}.Release|Any CPU.Build.0 = Release|Any CPU
		{FCE9F61B-A1BA-4C68-9A97-C3C52B4CDF5F}.Debug|Any CPU.ActiveCfg = Debug|Any CPU
		{FCE9F61B-A1BA-4C68-9A97-C3C52B4CDF5F}.Debug|Any CPU.Build.0 = Debug|Any CPU
		{FCE9F61B-A1BA-4C68-9A97-C3C52B4CDF5F}.Release|Any CPU.ActiveCfg = Release|Any CPU
		{FCE9F61B-A1BA-4C68-9A97-C3C52B4CDF5F}.Release|Any CPU.Build.0 = Release|Any CPU
		{8367A862-F674-4071-884F-9AACDEBD662F}.Debug|Any CPU.ActiveCfg = Debug|Any CPU
		{8367A862-F674-4071-884F-9AACDEBD662F}.Debug|Any CPU.Build.0 = Debug|Any CPU
		{8367A862-F674-4071-884F-9AACDEBD662F}.Release|Any CPU.ActiveCfg = Release|Any CPU
		{8367A862-F674-4071-884F-9AACDEBD662F}.Release|Any CPU.Build.0 = Release|Any CPU
		{6F2D3830-11F1-4A70-B210-643D8C327014}.Debug|Any CPU.ActiveCfg = Debug|Any CPU
		{6F2D3830-11F1-4A70-B210-643D8C327014}.Debug|Any CPU.Build.0 = Debug|Any CPU
		{6F2D3830-11F1-4A70-B210-643D8C327014}.Release|Any CPU.ActiveCfg = Release|Any CPU
		{6F2D3830-11F1-4A70-B210-643D8C327014}.Release|Any CPU.Build.0 = Release|Any CPU
		{D2A6B4FB-5014-4E0D-9D83-FC5DB89ED7C5}.Debug|Any CPU.ActiveCfg = Debug|Any CPU
		{D2A6B4FB-5014-4E0D-9D83-FC5DB89ED7C5}.Debug|Any CPU.Build.0 = Debug|Any CPU
		{D2A6B4FB-5014-4E0D-9D83-FC5DB89ED7C5}.Release|Any CPU.ActiveCfg = Release|Any CPU
		{D2A6B4FB-5014-4E0D-9D83-FC5DB89ED7C5}.Release|Any CPU.Build.0 = Release|Any CPU
		{1C5B5F41-498A-4139-9446-FC0C6EB4FBFB}.Debug|Any CPU.ActiveCfg = Debug|Any CPU
		{1C5B5F41-498A-4139-9446-FC0C6EB4FBFB}.Debug|Any CPU.Build.0 = Debug|Any CPU
		{1C5B5F41-498A-4139-9446-FC0C6EB4FBFB}.Release|Any CPU.ActiveCfg = Release|Any CPU
		{1C5B5F41-498A-4139-9446-FC0C6EB4FBFB}.Release|Any CPU.Build.0 = Release|Any CPU
		{6B55C27F-9740-4DEC-A075-7EB6EE4156E6}.Debug|Any CPU.ActiveCfg = Debug|Any CPU
		{6B55C27F-9740-4DEC-A075-7EB6EE4156E6}.Debug|Any CPU.Build.0 = Debug|Any CPU
		{6B55C27F-9740-4DEC-A075-7EB6EE4156E6}.Release|Any CPU.ActiveCfg = Release|Any CPU
		{6B55C27F-9740-4DEC-A075-7EB6EE4156E6}.Release|Any CPU.Build.0 = Release|Any CPU
		{3676667B-3C74-46AB-9CBE-89269858C605}.Debug|Any CPU.ActiveCfg = Debug|Any CPU
		{3676667B-3C74-46AB-9CBE-89269858C605}.Debug|Any CPU.Build.0 = Debug|Any CPU
		{3676667B-3C74-46AB-9CBE-89269858C605}.Release|Any CPU.ActiveCfg = Release|Any CPU
		{3676667B-3C74-46AB-9CBE-89269858C605}.Release|Any CPU.Build.0 = Release|Any CPU
		{0CA7F19B-3F3A-4A57-B8EC-84395C601E42}.Debug|Any CPU.ActiveCfg = Debug|Any CPU
		{0CA7F19B-3F3A-4A57-B8EC-84395C601E42}.Debug|Any CPU.Build.0 = Debug|Any CPU
		{0CA7F19B-3F3A-4A57-B8EC-84395C601E42}.Release|Any CPU.ActiveCfg = Release|Any CPU
		{0CA7F19B-3F3A-4A57-B8EC-84395C601E42}.Release|Any CPU.Build.0 = Release|Any CPU
	EndGlobalSection
	GlobalSection(SolutionProperties) = preSolution
		HideSolutionNode = FALSE
	EndGlobalSection
	GlobalSection(NestedProjects) = preSolution
		{86FDB2FA-406D-41ED-9A45-61D03C072EAB} = {13429F8C-9A0C-487F-A0D1-0D8155FB62D9}
		{04F2F171-2EEF-4A2F-B2B6-90A2FC38CF98} = {13429F8C-9A0C-487F-A0D1-0D8155FB62D9}
	EndGlobalSection
	GlobalSection(ExtensibilityGlobals) = postSolution
		SolutionGuid = {3A6DC405-1A63-454F-8DC2-D0D804A41E00}
	EndGlobalSection
EndGlobal
